
Microsoft Visual Studio Solution File, Format Version 12.00
# Visual Studio Version 16
VisualStudioVersion = 16.0.29001.49
MinimumVisualStudioVersion = 10.0.40219.1
Project("{FAE04EC0-301F-11D3-BF4B-00C04F79EFBC}") = "PointOfSale", "PointOfSale\PointOfSale.csproj", "{7D24CABB-025B-4685-A912-3C4D7E88AB31}"
EndProject
Global
	GlobalSection(SolutionConfigurationPlatforms) = preSolution
		Debug|Any CPU = Debug|Any CPU
		Release|Any CPU = Release|Any CPU
	EndGlobalSection
	GlobalSection(ProjectConfigurationPlatforms) = postSolution
		{7D24CABB-025B-4685-A912-3C4D7E88AB31}.Debug|Any CPU.ActiveCfg = Debug|Any CPU
		{7D24CABB-025B-4685-A912-3C4D7E88AB31}.Debug|Any CPU.Build.0 = Debug|Any CPU
		{7D24CABB-025B-4685-A912-3C4D7E88AB31}.Release|Any CPU.ActiveCfg = Release|Any CPU
		{7D24CABB-025B-4685-A912-3C4D7E88AB31}.Release|Any CPU.Build.0 = Release|Any CPU
	EndGlobalSection
	GlobalSection(SolutionProperties) = preSolution
		HideSolutionNode = FALSE
	EndGlobalSection
	GlobalSection(ExtensibilityGlobals) = postSolution
		SolutionGuid = {00BA451E-CC94-4B6F-A873-12C6F4F748B7}
	EndGlobalSection
EndGlobal
